// !$*UTF8*$!
{
	archiveVersion = 1;
	classes = {
	};
	objectVersion = 46;
	objects = {

/* Begin PBXBuildFile section */
		1A214DEF51E483ACEB3F5A45 /* Pods_Think_GolfUITests.framework in Frameworks */ = {isa = PBXBuildFile; fileRef = 77691683BC116D86522CFA49 /* Pods_Think_GolfUITests.framework */; };
		2D5E785B1E549220006E3470 /* AppDelegate.swift in Sources */ = {isa = PBXBuildFile; fileRef = 2D5E785A1E549220006E3470 /* AppDelegate.swift */; };
		2D5E78601E549220006E3470 /* Main.storyboard in Resources */ = {isa = PBXBuildFile; fileRef = 2D5E785E1E549220006E3470 /* Main.storyboard */; };
		2D5E78631E549220006E3470 /* Think_Golf.xcdatamodeld in Sources */ = {isa = PBXBuildFile; fileRef = 2D5E78611E549220006E3470 /* Think_Golf.xcdatamodeld */; };
		2D5E78651E549220006E3470 /* Assets.xcassets in Resources */ = {isa = PBXBuildFile; fileRef = 2D5E78641E549220006E3470 /* Assets.xcassets */; };
		2D5E78681E549220006E3470 /* LaunchScreen.storyboard in Resources */ = {isa = PBXBuildFile; fileRef = 2D5E78661E549220006E3470 /* LaunchScreen.storyboard */; };
		2D5E78731E549220006E3470 /* Think_GolfTests.swift in Sources */ = {isa = PBXBuildFile; fileRef = 2D5E78721E549220006E3470 /* Think_GolfTests.swift */; };
		2D5E787E1E549220006E3470 /* Think_GolfUITests.swift in Sources */ = {isa = PBXBuildFile; fileRef = 2D5E787D1E549220006E3470 /* Think_GolfUITests.swift */; };
		2D5E78981E560F91006E3470 /* LoginVC.swift in Sources */ = {isa = PBXBuildFile; fileRef = 2D5E78941E560F91006E3470 /* LoginVC.swift */; };
		2D5E789E1E561000006E3470 /* CarouselCollectionViewCell.swift in Sources */ = {isa = PBXBuildFile; fileRef = 2D5E789B1E561000006E3470 /* CarouselCollectionViewCell.swift */; };
		2D5E789F1E561000006E3470 /* Character.swift in Sources */ = {isa = PBXBuildFile; fileRef = 2D5E789C1E561000006E3470 /* Character.swift */; };
		2D5E78A01E561000006E3470 /* GradientView.swift in Sources */ = {isa = PBXBuildFile; fileRef = 2D5E789D1E561000006E3470 /* GradientView.swift */; };
		2D5E78A21E561093006E3470 /* DashboardVC.swift in Sources */ = {isa = PBXBuildFile; fileRef = 2D5E78A11E561093006E3470 /* DashboardVC.swift */; };
		2D5E78A41E561112006E3470 /* UPCarouselFlowLayout.swift in Sources */ = {isa = PBXBuildFile; fileRef = 2D5E78A31E561112006E3470 /* UPCarouselFlowLayout.swift */; };
		2D5E78A61E561291006E3470 /* SegueIdentifiers.swift in Sources */ = {isa = PBXBuildFile; fileRef = 2D5E78A51E561291006E3470 /* SegueIdentifiers.swift */; };
		2DA94C351E6116EB00580E7E /* CustomPageViewController.swift in Sources */ = {isa = PBXBuildFile; fileRef = 2DA94C331E6116EB00580E7E /* CustomPageViewController.swift */; };
		2DA94C361E6116EB00580E7E /* Walkthrough.storyboard in Resources */ = {isa = PBXBuildFile; fileRef = 2DA94C341E6116EB00580E7E /* Walkthrough.storyboard */; };
		2DA94C411E613DD300580E7E /* CenturyGothic.ttf in Resources */ = {isa = PBXBuildFile; fileRef = 2DA94C401E613DD300580E7E /* CenturyGothic.ttf */; };
		2DA94C431E61607100580E7E /* RegistrationVC.swift in Sources */ = {isa = PBXBuildFile; fileRef = 2DA94C421E61607100580E7E /* RegistrationVC.swift */; };
		2DB13CD91E61E5CA00062994 /* Helper.swift in Sources */ = {isa = PBXBuildFile; fileRef = 2DB13CD81E61E5CA00062994 /* Helper.swift */; };
		2DC9939E1E5D5C7E000CD766 /* CustomPaperCell.swift in Sources */ = {isa = PBXBuildFile; fileRef = 2DC9939D1E5D5C7E000CD766 /* CustomPaperCell.swift */; };
		2F0256D86E3297081E02C146 /* Pods_ThinkGolf.framework in Frameworks */ = {isa = PBXBuildFile; fileRef = 56B8C5F2A724C8150D861A7F /* Pods_ThinkGolf.framework */; };
		3B6E8E4F1C182D3A4360B918 /* Pods_ThinkGolfUITests.framework in Frameworks */ = {isa = PBXBuildFile; fileRef = CF556B6BF4CCA1E9CF96D260 /* Pods_ThinkGolfUITests.framework */; };
		43B5F2658CED324FB57CEAEA /* Pods_ThinkGolfTests.framework in Frameworks */ = {isa = PBXBuildFile; fileRef = E16FDE664F54A9BF32B3707C /* Pods_ThinkGolfTests.framework */; };
		C4EB561824DA09A0A3243CF1 /* Pods_Think_GolfTests.framework in Frameworks */ = {isa = PBXBuildFile; fileRef = E6387BADABD263C9533E6FD5 /* Pods_Think_GolfTests.framework */; };
/* End PBXBuildFile section */

/* Begin PBXContainerItemProxy section */
		2D5E786F1E549220006E3470 /* PBXContainerItemProxy */ = {
			isa = PBXContainerItemProxy;
			containerPortal = 2D5E784F1E549220006E3470 /* Project object */;
			proxyType = 1;
			remoteGlobalIDString = 2D5E78561E549220006E3470;
			remoteInfo = "Think Golf";
		};
		2D5E787A1E549220006E3470 /* PBXContainerItemProxy */ = {
			isa = PBXContainerItemProxy;
			containerPortal = 2D5E784F1E549220006E3470 /* Project object */;
			proxyType = 1;
			remoteGlobalIDString = 2D5E78561E549220006E3470;
			remoteInfo = "Think Golf";
		};
/* End PBXContainerItemProxy section */

/* Begin PBXFileReference section */
		2199488BAECF98995F57E63E /* Pods-Think GolfUITests.release.xcconfig */ = {isa = PBXFileReference; includeInIndex = 1; lastKnownFileType = text.xcconfig; name = "Pods-Think GolfUITests.release.xcconfig"; path = "Pods/Target Support Files/Pods-Think GolfUITests/Pods-Think GolfUITests.release.xcconfig"; sourceTree = "<group>"; };
		2D5E78571E549220006E3470 /* ThinkGolf.app */ = {isa = PBXFileReference; explicitFileType = wrapper.application; includeInIndex = 0; path = ThinkGolf.app; sourceTree = BUILT_PRODUCTS_DIR; };
		2D5E785A1E549220006E3470 /* AppDelegate.swift */ = {isa = PBXFileReference; lastKnownFileType = sourcecode.swift; path = AppDelegate.swift; sourceTree = "<group>"; };
		2D5E785F1E549220006E3470 /* Base */ = {isa = PBXFileReference; lastKnownFileType = file.storyboard; name = Base; path = Base.lproj/Main.storyboard; sourceTree = "<group>"; };
		2D5E78621E549220006E3470 /* Think_Golf.xcdatamodel */ = {isa = PBXFileReference; lastKnownFileType = wrapper.xcdatamodel; path = Think_Golf.xcdatamodel; sourceTree = "<group>"; };
		2D5E78641E549220006E3470 /* Assets.xcassets */ = {isa = PBXFileReference; lastKnownFileType = folder.assetcatalog; path = Assets.xcassets; sourceTree = "<group>"; };
		2D5E78671E549220006E3470 /* Base */ = {isa = PBXFileReference; lastKnownFileType = file.storyboard; name = Base; path = Base.lproj/LaunchScreen.storyboard; sourceTree = "<group>"; };
		2D5E78691E549220006E3470 /* Info.plist */ = {isa = PBXFileReference; lastKnownFileType = text.plist.xml; path = Info.plist; sourceTree = "<group>"; };
		2D5E786E1E549220006E3470 /* ThinkGolfTests.xctest */ = {isa = PBXFileReference; explicitFileType = wrapper.cfbundle; includeInIndex = 0; path = ThinkGolfTests.xctest; sourceTree = BUILT_PRODUCTS_DIR; };
		2D5E78721E549220006E3470 /* Think_GolfTests.swift */ = {isa = PBXFileReference; lastKnownFileType = sourcecode.swift; path = Think_GolfTests.swift; sourceTree = "<group>"; };
		2D5E78741E549220006E3470 /* Info.plist */ = {isa = PBXFileReference; lastKnownFileType = text.plist.xml; path = Info.plist; sourceTree = "<group>"; };
		2D5E78791E549220006E3470 /* ThinkGolfUITests.xctest */ = {isa = PBXFileReference; explicitFileType = wrapper.cfbundle; includeInIndex = 0; path = ThinkGolfUITests.xctest; sourceTree = BUILT_PRODUCTS_DIR; };
		2D5E787D1E549220006E3470 /* Think_GolfUITests.swift */ = {isa = PBXFileReference; lastKnownFileType = sourcecode.swift; path = Think_GolfUITests.swift; sourceTree = "<group>"; };
		2D5E787F1E549220006E3470 /* Info.plist */ = {isa = PBXFileReference; lastKnownFileType = text.plist.xml; path = Info.plist; sourceTree = "<group>"; };
		2D5E78941E560F91006E3470 /* LoginVC.swift */ = {isa = PBXFileReference; fileEncoding = 4; lastKnownFileType = sourcecode.swift; path = LoginVC.swift; sourceTree = "<group>"; };
		2D5E789B1E561000006E3470 /* CarouselCollectionViewCell.swift */ = {isa = PBXFileReference; fileEncoding = 4; lastKnownFileType = sourcecode.swift; path = CarouselCollectionViewCell.swift; sourceTree = "<group>"; };
		2D5E789C1E561000006E3470 /* Character.swift */ = {isa = PBXFileReference; fileEncoding = 4; lastKnownFileType = sourcecode.swift; path = Character.swift; sourceTree = "<group>"; };
		2D5E789D1E561000006E3470 /* GradientView.swift */ = {isa = PBXFileReference; fileEncoding = 4; lastKnownFileType = sourcecode.swift; path = GradientView.swift; sourceTree = "<group>"; };
		2D5E78A11E561093006E3470 /* DashboardVC.swift */ = {isa = PBXFileReference; fileEncoding = 4; lastKnownFileType = sourcecode.swift; path = DashboardVC.swift; sourceTree = "<group>"; };
		2D5E78A31E561112006E3470 /* UPCarouselFlowLayout.swift */ = {isa = PBXFileReference; fileEncoding = 4; lastKnownFileType = sourcecode.swift; path = UPCarouselFlowLayout.swift; sourceTree = "<group>"; };
		2D5E78A51E561291006E3470 /* SegueIdentifiers.swift */ = {isa = PBXFileReference; fileEncoding = 4; lastKnownFileType = sourcecode.swift; path = SegueIdentifiers.swift; sourceTree = "<group>"; };
		2DA94C331E6116EB00580E7E /* CustomPageViewController.swift */ = {isa = PBXFileReference; fileEncoding = 4; lastKnownFileType = sourcecode.swift; path = CustomPageViewController.swift; sourceTree = "<group>"; };
		2DA94C341E6116EB00580E7E /* Walkthrough.storyboard */ = {isa = PBXFileReference; fileEncoding = 4; lastKnownFileType = file.storyboard; name = Walkthrough.storyboard; path = "Libs/3rd Party/BWWalkthrough/Walkthrough.storyboard"; sourceTree = "<group>"; };
		2DA94C401E613DD300580E7E /* CenturyGothic.ttf */ = {isa = PBXFileReference; lastKnownFileType = file; path = CenturyGothic.ttf; sourceTree = "<group>"; };
		2DA94C421E61607100580E7E /* RegistrationVC.swift */ = {isa = PBXFileReference; fileEncoding = 4; lastKnownFileType = sourcecode.swift; path = RegistrationVC.swift; sourceTree = "<group>"; };
		2DB13CD71E61E48E00062994 /* ThinkGolf-Bridging-Header.h */ = {isa = PBXFileReference; fileEncoding = 4; lastKnownFileType = sourcecode.c.h; path = "ThinkGolf-Bridging-Header.h"; sourceTree = "<group>"; };
		2DB13CD81E61E5CA00062994 /* Helper.swift */ = {isa = PBXFileReference; fileEncoding = 4; lastKnownFileType = sourcecode.swift; path = Helper.swift; sourceTree = "<group>"; };
		2DC9939D1E5D5C7E000CD766 /* CustomPaperCell.swift */ = {isa = PBXFileReference; fileEncoding = 4; lastKnownFileType = sourcecode.swift; path = CustomPaperCell.swift; sourceTree = "<group>"; };
		426741D6F756D80FA8E71D85 /* Pods-ThinkGolf.debug.xcconfig */ = {isa = PBXFileReference; includeInIndex = 1; lastKnownFileType = text.xcconfig; name = "Pods-ThinkGolf.debug.xcconfig"; path = "Pods/Target Support Files/Pods-ThinkGolf/Pods-ThinkGolf.debug.xcconfig"; sourceTree = "<group>"; };
		56B8C5F2A724C8150D861A7F /* Pods_ThinkGolf.framework */ = {isa = PBXFileReference; explicitFileType = wrapper.framework; includeInIndex = 0; path = Pods_ThinkGolf.framework; sourceTree = BUILT_PRODUCTS_DIR; };
		77691683BC116D86522CFA49 /* Pods_Think_GolfUITests.framework */ = {isa = PBXFileReference; explicitFileType = wrapper.framework; includeInIndex = 0; path = Pods_Think_GolfUITests.framework; sourceTree = BUILT_PRODUCTS_DIR; };
		A4D604A24E0239C1BED71320 /* Pods-Think GolfUITests.debug.xcconfig */ = {isa = PBXFileReference; includeInIndex = 1; lastKnownFileType = text.xcconfig; name = "Pods-Think GolfUITests.debug.xcconfig"; path = "Pods/Target Support Files/Pods-Think GolfUITests/Pods-Think GolfUITests.debug.xcconfig"; sourceTree = "<group>"; };
		AB44ED303B6A8E388315B8A7 /* Pods-ThinkGolfTests.release.xcconfig */ = {isa = PBXFileReference; includeInIndex = 1; lastKnownFileType = text.xcconfig; name = "Pods-ThinkGolfTests.release.xcconfig"; path = "Pods/Target Support Files/Pods-ThinkGolfTests/Pods-ThinkGolfTests.release.xcconfig"; sourceTree = "<group>"; };
		B95AD6020DF5C57B608CC425 /* Pods-ThinkGolf.release.xcconfig */ = {isa = PBXFileReference; includeInIndex = 1; lastKnownFileType = text.xcconfig; name = "Pods-ThinkGolf.release.xcconfig"; path = "Pods/Target Support Files/Pods-ThinkGolf/Pods-ThinkGolf.release.xcconfig"; sourceTree = "<group>"; };
		C511A23AB2C137E717E829D2 /* Pods-ThinkGolfTests.debug.xcconfig */ = {isa = PBXFileReference; includeInIndex = 1; lastKnownFileType = text.xcconfig; name = "Pods-ThinkGolfTests.debug.xcconfig"; path = "Pods/Target Support Files/Pods-ThinkGolfTests/Pods-ThinkGolfTests.debug.xcconfig"; sourceTree = "<group>"; };
		CF556B6BF4CCA1E9CF96D260 /* Pods_ThinkGolfUITests.framework */ = {isa = PBXFileReference; explicitFileType = wrapper.framework; includeInIndex = 0; path = Pods_ThinkGolfUITests.framework; sourceTree = BUILT_PRODUCTS_DIR; };
		D1950A816F5B6E382D32CCD4 /* Pods-ThinkGolfUITests.release.xcconfig */ = {isa = PBXFileReference; includeInIndex = 1; lastKnownFileType = text.xcconfig; name = "Pods-ThinkGolfUITests.release.xcconfig"; path = "Pods/Target Support Files/Pods-ThinkGolfUITests/Pods-ThinkGolfUITests.release.xcconfig"; sourceTree = "<group>"; };
		D31DB842C392768DC96DE2C6 /* Pods_Think_Golf.framework */ = {isa = PBXFileReference; explicitFileType = wrapper.framework; includeInIndex = 0; path = Pods_Think_Golf.framework; sourceTree = BUILT_PRODUCTS_DIR; };
		D6C91E223984727693F40B7E /* Pods-ThinkGolfUITests.debug.xcconfig */ = {isa = PBXFileReference; includeInIndex = 1; lastKnownFileType = text.xcconfig; name = "Pods-ThinkGolfUITests.debug.xcconfig"; path = "Pods/Target Support Files/Pods-ThinkGolfUITests/Pods-ThinkGolfUITests.debug.xcconfig"; sourceTree = "<group>"; };
		E0C07CAE18E835244CD85CCA /* Pods-Think Golf.debug.xcconfig */ = {isa = PBXFileReference; includeInIndex = 1; lastKnownFileType = text.xcconfig; name = "Pods-Think Golf.debug.xcconfig"; path = "Pods/Target Support Files/Pods-Think Golf/Pods-Think Golf.debug.xcconfig"; sourceTree = "<group>"; };
		E16FDE664F54A9BF32B3707C /* Pods_ThinkGolfTests.framework */ = {isa = PBXFileReference; explicitFileType = wrapper.framework; includeInIndex = 0; path = Pods_ThinkGolfTests.framework; sourceTree = BUILT_PRODUCTS_DIR; };
		E6387BADABD263C9533E6FD5 /* Pods_Think_GolfTests.framework */ = {isa = PBXFileReference; explicitFileType = wrapper.framework; includeInIndex = 0; path = Pods_Think_GolfTests.framework; sourceTree = BUILT_PRODUCTS_DIR; };
		EB408C90FDD8767A061C393D /* Pods-Think Golf.release.xcconfig */ = {isa = PBXFileReference; includeInIndex = 1; lastKnownFileType = text.xcconfig; name = "Pods-Think Golf.release.xcconfig"; path = "Pods/Target Support Files/Pods-Think Golf/Pods-Think Golf.release.xcconfig"; sourceTree = "<group>"; };
		F0251D4A373385F8E8BAC3CC /* Pods-Think GolfTests.debug.xcconfig */ = {isa = PBXFileReference; includeInIndex = 1; lastKnownFileType = text.xcconfig; name = "Pods-Think GolfTests.debug.xcconfig"; path = "Pods/Target Support Files/Pods-Think GolfTests/Pods-Think GolfTests.debug.xcconfig"; sourceTree = "<group>"; };
		F7E99F58823E93E5118DE559 /* Pods-Think GolfTests.release.xcconfig */ = {isa = PBXFileReference; includeInIndex = 1; lastKnownFileType = text.xcconfig; name = "Pods-Think GolfTests.release.xcconfig"; path = "Pods/Target Support Files/Pods-Think GolfTests/Pods-Think GolfTests.release.xcconfig"; sourceTree = "<group>"; };
/* End PBXFileReference section */

/* Begin PBXFrameworksBuildPhase section */
		2D5E78541E549220006E3470 /* Frameworks */ = {
			isa = PBXFrameworksBuildPhase;
			buildActionMask = 2147483647;
			files = (
				2F0256D86E3297081E02C146 /* Pods_ThinkGolf.framework in Frameworks */,
			);
			runOnlyForDeploymentPostprocessing = 0;
		};
		2D5E786B1E549220006E3470 /* Frameworks */ = {
			isa = PBXFrameworksBuildPhase;
			buildActionMask = 2147483647;
			files = (
				C4EB561824DA09A0A3243CF1 /* Pods_Think_GolfTests.framework in Frameworks */,
				43B5F2658CED324FB57CEAEA /* Pods_ThinkGolfTests.framework in Frameworks */,
			);
			runOnlyForDeploymentPostprocessing = 0;
		};
		2D5E78761E549220006E3470 /* Frameworks */ = {
			isa = PBXFrameworksBuildPhase;
			buildActionMask = 2147483647;
			files = (
				1A214DEF51E483ACEB3F5A45 /* Pods_Think_GolfUITests.framework in Frameworks */,
				3B6E8E4F1C182D3A4360B918 /* Pods_ThinkGolfUITests.framework in Frameworks */,
			);
			runOnlyForDeploymentPostprocessing = 0;
		};
/* End PBXFrameworksBuildPhase section */

/* Begin PBXGroup section */
		2D5E784E1E549220006E3470 = {
			isa = PBXGroup;
			children = (
				2D5E78591E549220006E3470 /* Think Golf */,
				2D5E78711E549220006E3470 /* Think GolfTests */,
				2D5E787C1E549220006E3470 /* Think GolfUITests */,
				2D5E78581E549220006E3470 /* Products */,
				D544E99309C08B9BFF796E98 /* Pods */,
				F5C14FAAA02F1E7077D6B317 /* Frameworks */,
			);
			sourceTree = "<group>";
		};
		2D5E78581E549220006E3470 /* Products */ = {
			isa = PBXGroup;
			children = (
				2D5E78571E549220006E3470 /* ThinkGolf.app */,
				2D5E786E1E549220006E3470 /* ThinkGolfTests.xctest */,
				2D5E78791E549220006E3470 /* ThinkGolfUITests.xctest */,
			);
			name = Products;
			sourceTree = "<group>";
		};
		2D5E78591E549220006E3470 /* Think Golf */ = {
			isa = PBXGroup;
			children = (
				2D5E785A1E549220006E3470 /* AppDelegate.swift */,
				2DB13CD71E61E48E00062994 /* ThinkGolf-Bridging-Header.h */,
				2D5E78991E560F9F006E3470 /* View */,
				2D5E78931E560F91006E3470 /* Controllers */,
				2D5E78951E560F91006E3470 /* Libs */,
				2DA94C3E1E613DB900580E7E /* Resources */,
				2D5E78641E549220006E3470 /* Assets.xcassets */,
				2D5E78691E549220006E3470 /* Info.plist */,
				2D5E78611E549220006E3470 /* Think_Golf.xcdatamodeld */,
			);
			path = "Think Golf";
			sourceTree = "<group>";
		};
		2D5E78711E549220006E3470 /* Think GolfTests */ = {
			isa = PBXGroup;
			children = (
				2D5E78721E549220006E3470 /* Think_GolfTests.swift */,
				2D5E78741E549220006E3470 /* Info.plist */,
			);
			path = "Think GolfTests";
			sourceTree = "<group>";
		};
		2D5E787C1E549220006E3470 /* Think GolfUITests */ = {
			isa = PBXGroup;
			children = (
				2D5E787D1E549220006E3470 /* Think_GolfUITests.swift */,
				2D5E787F1E549220006E3470 /* Info.plist */,
			);
			path = "Think GolfUITests";
			sourceTree = "<group>";
		};
		2D5E78931E560F91006E3470 /* Controllers */ = {
			isa = PBXGroup;
			children = (
				2D5E78941E560F91006E3470 /* LoginVC.swift */,
				2DA94C421E61607100580E7E /* RegistrationVC.swift */,
				2D5E78A11E561093006E3470 /* DashboardVC.swift */,
				2DC9939D1E5D5C7E000CD766 /* CustomPaperCell.swift */,
			);
			path = Controllers;
			sourceTree = "<group>";
		};
		2D5E78951E560F91006E3470 /* Libs */ = {
			isa = PBXGroup;
			children = (
				2D5E78961E560F91006E3470 /* 3rd Party */,
				2D5E78971E560F91006E3470 /* Common */,
			);
			path = Libs;
			sourceTree = "<group>";
		};
		2D5E78961E560F91006E3470 /* 3rd Party */ = {
			isa = PBXGroup;
			children = (
				2DA94C321E6116EB00580E7E /* BWWalkthrough */,
				2D5E789A1E561000006E3470 /* UPCarouselFlowLayout */,
			);
			path = "3rd Party";
			sourceTree = "<group>";
		};
		2D5E78971E560F91006E3470 /* Common */ = {
			isa = PBXGroup;
			children = (
				2DB13CD81E61E5CA00062994 /* Helper.swift */,
				2D5E78A51E561291006E3470 /* SegueIdentifiers.swift */,
			);
			path = Common;
			sourceTree = "<group>";
		};
		2D5E78991E560F9F006E3470 /* View */ = {
			isa = PBXGroup;
			children = (
				2D5E785E1E549220006E3470 /* Main.storyboard */,
				2DA94C341E6116EB00580E7E /* Walkthrough.storyboard */,
				2D5E78661E549220006E3470 /* LaunchScreen.storyboard */,
			);
			name = View;
			sourceTree = "<group>";
		};
		2D5E789A1E561000006E3470 /* UPCarouselFlowLayout */ = {
			isa = PBXGroup;
			children = (
				2D5E789B1E561000006E3470 /* CarouselCollectionViewCell.swift */,
				2D5E789C1E561000006E3470 /* Character.swift */,
				2D5E789D1E561000006E3470 /* GradientView.swift */,
				2D5E78A31E561112006E3470 /* UPCarouselFlowLayout.swift */,
			);
			path = UPCarouselFlowLayout;
			sourceTree = "<group>";
		};
		2DA94C321E6116EB00580E7E /* BWWalkthrough */ = {
			isa = PBXGroup;
			children = (
				2DA94C331E6116EB00580E7E /* CustomPageViewController.swift */,
			);
			path = BWWalkthrough;
			sourceTree = "<group>";
		};
		2DA94C3E1E613DB900580E7E /* Resources */ = {
			isa = PBXGroup;
			children = (
				2DA94C3F1E613DD300580E7E /* Fonts */,
			);
			path = Resources;
			sourceTree = "<group>";
		};
		2DA94C3F1E613DD300580E7E /* Fonts */ = {
			isa = PBXGroup;
			children = (
				2DA94C401E613DD300580E7E /* CenturyGothic.ttf */,
			);
			path = Fonts;
			sourceTree = "<group>";
		};
		D544E99309C08B9BFF796E98 /* Pods */ = {
			isa = PBXGroup;
			children = (
				E0C07CAE18E835244CD85CCA /* Pods-Think Golf.debug.xcconfig */,
				EB408C90FDD8767A061C393D /* Pods-Think Golf.release.xcconfig */,
				F0251D4A373385F8E8BAC3CC /* Pods-Think GolfTests.debug.xcconfig */,
				F7E99F58823E93E5118DE559 /* Pods-Think GolfTests.release.xcconfig */,
				A4D604A24E0239C1BED71320 /* Pods-Think GolfUITests.debug.xcconfig */,
				2199488BAECF98995F57E63E /* Pods-Think GolfUITests.release.xcconfig */,
				426741D6F756D80FA8E71D85 /* Pods-ThinkGolf.debug.xcconfig */,
				B95AD6020DF5C57B608CC425 /* Pods-ThinkGolf.release.xcconfig */,
				C511A23AB2C137E717E829D2 /* Pods-ThinkGolfTests.debug.xcconfig */,
				AB44ED303B6A8E388315B8A7 /* Pods-ThinkGolfTests.release.xcconfig */,
				D6C91E223984727693F40B7E /* Pods-ThinkGolfUITests.debug.xcconfig */,
				D1950A816F5B6E382D32CCD4 /* Pods-ThinkGolfUITests.release.xcconfig */,
			);
			name = Pods;
			sourceTree = "<group>";
		};
		F5C14FAAA02F1E7077D6B317 /* Frameworks */ = {
			isa = PBXGroup;
			children = (
				D31DB842C392768DC96DE2C6 /* Pods_Think_Golf.framework */,
				E6387BADABD263C9533E6FD5 /* Pods_Think_GolfTests.framework */,
				77691683BC116D86522CFA49 /* Pods_Think_GolfUITests.framework */,
				56B8C5F2A724C8150D861A7F /* Pods_ThinkGolf.framework */,
				E16FDE664F54A9BF32B3707C /* Pods_ThinkGolfTests.framework */,
				CF556B6BF4CCA1E9CF96D260 /* Pods_ThinkGolfUITests.framework */,
			);
			name = Frameworks;
			sourceTree = "<group>";
		};
/* End PBXGroup section */

/* Begin PBXNativeTarget section */
		2D5E78561E549220006E3470 /* ThinkGolf */ = {
			isa = PBXNativeTarget;
			buildConfigurationList = 2D5E78821E549220006E3470 /* Build configuration list for PBXNativeTarget "ThinkGolf" */;
			buildPhases = (
				97E143648894E36843F6C161 /* [CP] Check Pods Manifest.lock */,
				2D5E78531E549220006E3470 /* Sources */,
				2D5E78541E549220006E3470 /* Frameworks */,
				2D5E78551E549220006E3470 /* Resources */,
				D3772542379E830092D07A9B /* [CP] Embed Pods Frameworks */,
				2F835E021B05E62D9D9D8BCE /* [CP] Copy Pods Resources */,
			);
			buildRules = (
			);
			dependencies = (
			);
			name = ThinkGolf;
			productName = "Think Golf";
			productReference = 2D5E78571E549220006E3470 /* ThinkGolf.app */;
			productType = "com.apple.product-type.application";
		};
		2D5E786D1E549220006E3470 /* ThinkGolfTests */ = {
			isa = PBXNativeTarget;
			buildConfigurationList = 2D5E78851E549220006E3470 /* Build configuration list for PBXNativeTarget "ThinkGolfTests" */;
			buildPhases = (
				9A454B992E6056C3B3FBAC02 /* [CP] Check Pods Manifest.lock */,
				2D5E786A1E549220006E3470 /* Sources */,
				2D5E786B1E549220006E3470 /* Frameworks */,
				2D5E786C1E549220006E3470 /* Resources */,
				E34682AFBB66BF735B34B558 /* [CP] Embed Pods Frameworks */,
				C38CB1850D7883C8DE9DB3AF /* [CP] Copy Pods Resources */,
			);
			buildRules = (
			);
			dependencies = (
				2D5E78701E549220006E3470 /* PBXTargetDependency */,
			);
			name = ThinkGolfTests;
			productName = "Think GolfTests";
			productReference = 2D5E786E1E549220006E3470 /* ThinkGolfTests.xctest */;
			productType = "com.apple.product-type.bundle.unit-test";
		};
		2D5E78781E549220006E3470 /* ThinkGolfUITests */ = {
			isa = PBXNativeTarget;
			buildConfigurationList = 2D5E78881E549220006E3470 /* Build configuration list for PBXNativeTarget "ThinkGolfUITests" */;
			buildPhases = (
				8A7CE0703A2F32F51545B67F /* [CP] Check Pods Manifest.lock */,
				2D5E78751E549220006E3470 /* Sources */,
				2D5E78761E549220006E3470 /* Frameworks */,
				2D5E78771E549220006E3470 /* Resources */,
				3222E6D352CD963DE82197E9 /* [CP] Embed Pods Frameworks */,
				0DE2D5E3FBCF57A9CD6EDA7E /* [CP] Copy Pods Resources */,
			);
			buildRules = (
			);
			dependencies = (
				2D5E787B1E549220006E3470 /* PBXTargetDependency */,
			);
			name = ThinkGolfUITests;
			productName = "Think GolfUITests";
			productReference = 2D5E78791E549220006E3470 /* ThinkGolfUITests.xctest */;
			productType = "com.apple.product-type.bundle.ui-testing";
		};
/* End PBXNativeTarget section */

/* Begin PBXProject section */
		2D5E784F1E549220006E3470 /* Project object */ = {
			isa = PBXProject;
			attributes = {
				LastSwiftUpdateCheck = 0820;
				LastUpgradeCheck = 0820;
				ORGANIZATIONNAME = "Vogcalgary App Developer";
				TargetAttributes = {
					2D5E78561E549220006E3470 = {
						CreatedOnToolsVersion = 8.2.1;
						DevelopmentTeam = 2BMJ72PCJ8;
						ProvisioningStyle = Automatic;
					};
					2D5E786D1E549220006E3470 = {
						CreatedOnToolsVersion = 8.2.1;
						ProvisioningStyle = Automatic;
						TestTargetID = 2D5E78561E549220006E3470;
					};
					2D5E78781E549220006E3470 = {
						CreatedOnToolsVersion = 8.2.1;
						ProvisioningStyle = Automatic;
						TestTargetID = 2D5E78561E549220006E3470;
					};
				};
			};
			buildConfigurationList = 2D5E78521E549220006E3470 /* Build configuration list for PBXProject "ThinkGolf" */;
			compatibilityVersion = "Xcode 3.2";
			developmentRegion = English;
			hasScannedForEncodings = 0;
			knownRegions = (
				en,
				Base,
			);
			mainGroup = 2D5E784E1E549220006E3470;
			productRefGroup = 2D5E78581E549220006E3470 /* Products */;
			projectDirPath = "";
			projectRoot = "";
			targets = (
				2D5E78561E549220006E3470 /* ThinkGolf */,
				2D5E786D1E549220006E3470 /* ThinkGolfTests */,
				2D5E78781E549220006E3470 /* ThinkGolfUITests */,
			);
		};
/* End PBXProject section */

/* Begin PBXResourcesBuildPhase section */
		2D5E78551E549220006E3470 /* Resources */ = {
			isa = PBXResourcesBuildPhase;
			buildActionMask = 2147483647;
			files = (
				2D5E78681E549220006E3470 /* LaunchScreen.storyboard in Resources */,
				2DA94C361E6116EB00580E7E /* Walkthrough.storyboard in Resources */,
				2DA94C411E613DD300580E7E /* CenturyGothic.ttf in Resources */,
				2D5E78651E549220006E3470 /* Assets.xcassets in Resources */,
				2D5E78601E549220006E3470 /* Main.storyboard in Resources */,
			);
			runOnlyForDeploymentPostprocessing = 0;
		};
		2D5E786C1E549220006E3470 /* Resources */ = {
			isa = PBXResourcesBuildPhase;
			buildActionMask = 2147483647;
			files = (
			);
			runOnlyForDeploymentPostprocessing = 0;
		};
		2D5E78771E549220006E3470 /* Resources */ = {
			isa = PBXResourcesBuildPhase;
			buildActionMask = 2147483647;
			files = (
			);
			runOnlyForDeploymentPostprocessing = 0;
		};
/* End PBXResourcesBuildPhase section */

/* Begin PBXShellScriptBuildPhase section */
		0DE2D5E3FBCF57A9CD6EDA7E /* [CP] Copy Pods Resources */ = {
			isa = PBXShellScriptBuildPhase;
			buildActionMask = 2147483647;
			files = (
			);
			inputPaths = (
			);
			name = "[CP] Copy Pods Resources";
			outputPaths = (
			);
			runOnlyForDeploymentPostprocessing = 0;
			shellPath = /bin/sh;
			shellScript = "\"${SRCROOT}/Pods/Target Support Files/Pods-ThinkGolfUITests/Pods-ThinkGolfUITests-resources.sh\"\n";
			showEnvVarsInLog = 0;
		};
		2F835E021B05E62D9D9D8BCE /* [CP] Copy Pods Resources */ = {
			isa = PBXShellScriptBuildPhase;
			buildActionMask = 2147483647;
			files = (
			);
			inputPaths = (
			);
			name = "[CP] Copy Pods Resources";
			outputPaths = (
			);
			runOnlyForDeploymentPostprocessing = 0;
			shellPath = /bin/sh;
			shellScript = "\"${SRCROOT}/Pods/Target Support Files/Pods-ThinkGolf/Pods-ThinkGolf-resources.sh\"\n";
			showEnvVarsInLog = 0;
		};
		3222E6D352CD963DE82197E9 /* [CP] Embed Pods Frameworks */ = {
			isa = PBXShellScriptBuildPhase;
			buildActionMask = 2147483647;
			files = (
			);
			inputPaths = (
			);
			name = "[CP] Embed Pods Frameworks";
			outputPaths = (
			);
			runOnlyForDeploymentPostprocessing = 0;
			shellPath = /bin/sh;
			shellScript = "\"${SRCROOT}/Pods/Target Support Files/Pods-ThinkGolfUITests/Pods-ThinkGolfUITests-frameworks.sh\"\n";
			showEnvVarsInLog = 0;
		};
		8A7CE0703A2F32F51545B67F /* [CP] Check Pods Manifest.lock */ = {
			isa = PBXShellScriptBuildPhase;
			buildActionMask = 2147483647;
			files = (
			);
			inputPaths = (
			);
			name = "[CP] Check Pods Manifest.lock";
			outputPaths = (
			);
			runOnlyForDeploymentPostprocessing = 0;
			shellPath = /bin/sh;
			shellScript = "diff \"${PODS_ROOT}/../Podfile.lock\" \"${PODS_ROOT}/Manifest.lock\" > /dev/null\nif [ $? != 0 ] ; then\n    # print error to STDERR\n    echo \"error: The sandbox is not in sync with the Podfile.lock. Run 'pod install' or update your CocoaPods installation.\" >&2\n    exit 1\nfi\n";
			showEnvVarsInLog = 0;
		};
		97E143648894E36843F6C161 /* [CP] Check Pods Manifest.lock */ = {
			isa = PBXShellScriptBuildPhase;
			buildActionMask = 2147483647;
			files = (
			);
			inputPaths = (
			);
			name = "[CP] Check Pods Manifest.lock";
			outputPaths = (
			);
			runOnlyForDeploymentPostprocessing = 0;
			shellPath = /bin/sh;
			shellScript = "diff \"${PODS_ROOT}/../Podfile.lock\" \"${PODS_ROOT}/Manifest.lock\" > /dev/null\nif [ $? != 0 ] ; then\n    # print error to STDERR\n    echo \"error: The sandbox is not in sync with the Podfile.lock. Run 'pod install' or update your CocoaPods installation.\" >&2\n    exit 1\nfi\n";
			showEnvVarsInLog = 0;
		};
		9A454B992E6056C3B3FBAC02 /* [CP] Check Pods Manifest.lock */ = {
			isa = PBXShellScriptBuildPhase;
			buildActionMask = 2147483647;
			files = (
			);
			inputPaths = (
			);
			name = "[CP] Check Pods Manifest.lock";
			outputPaths = (
			);
			runOnlyForDeploymentPostprocessing = 0;
			shellPath = /bin/sh;
			shellScript = "diff \"${PODS_ROOT}/../Podfile.lock\" \"${PODS_ROOT}/Manifest.lock\" > /dev/null\nif [ $? != 0 ] ; then\n    # print error to STDERR\n    echo \"error: The sandbox is not in sync with the Podfile.lock. Run 'pod install' or update your CocoaPods installation.\" >&2\n    exit 1\nfi\n";
			showEnvVarsInLog = 0;
		};
		C38CB1850D7883C8DE9DB3AF /* [CP] Copy Pods Resources */ = {
			isa = PBXShellScriptBuildPhase;
			buildActionMask = 2147483647;
			files = (
			);
			inputPaths = (
			);
			name = "[CP] Copy Pods Resources";
			outputPaths = (
			);
			runOnlyForDeploymentPostprocessing = 0;
			shellPath = /bin/sh;
			shellScript = "\"${SRCROOT}/Pods/Target Support Files/Pods-ThinkGolfTests/Pods-ThinkGolfTests-resources.sh\"\n";
			showEnvVarsInLog = 0;
		};
		D3772542379E830092D07A9B /* [CP] Embed Pods Frameworks */ = {
			isa = PBXShellScriptBuildPhase;
			buildActionMask = 2147483647;
			files = (
			);
			inputPaths = (
			);
			name = "[CP] Embed Pods Frameworks";
			outputPaths = (
			);
			runOnlyForDeploymentPostprocessing = 0;
			shellPath = /bin/sh;
			shellScript = "\"${SRCROOT}/Pods/Target Support Files/Pods-ThinkGolf/Pods-ThinkGolf-frameworks.sh\"\n";
			showEnvVarsInLog = 0;
		};
		E34682AFBB66BF735B34B558 /* [CP] Embed Pods Frameworks */ = {
			isa = PBXShellScriptBuildPhase;
			buildActionMask = 2147483647;
			files = (
			);
			inputPaths = (
			);
			name = "[CP] Embed Pods Frameworks";
			outputPaths = (
			);
			runOnlyForDeploymentPostprocessing = 0;
			shellPath = /bin/sh;
			shellScript = "\"${SRCROOT}/Pods/Target Support Files/Pods-ThinkGolfTests/Pods-ThinkGolfTests-frameworks.sh\"\n";
			showEnvVarsInLog = 0;
		};
/* End PBXShellScriptBuildPhase section */

/* Begin PBXSourcesBuildPhase section */
		2D5E78531E549220006E3470 /* Sources */ = {
			isa = PBXSourcesBuildPhase;
			buildActionMask = 2147483647;
			files = (
				2D5E789E1E561000006E3470 /* CarouselCollectionViewCell.swift in Sources */,
				2D5E78981E560F91006E3470 /* LoginVC.swift in Sources */,
				2D5E78A21E561093006E3470 /* DashboardVC.swift in Sources */,
				2DA94C351E6116EB00580E7E /* CustomPageViewController.swift in Sources */,
				2D5E78A01E561000006E3470 /* GradientView.swift in Sources */,
				2D5E789F1E561000006E3470 /* Character.swift in Sources */,
				2D5E785B1E549220006E3470 /* AppDelegate.swift in Sources */,
				2DA94C431E61607100580E7E /* RegistrationVC.swift in Sources */,
				2D5E78A61E561291006E3470 /* SegueIdentifiers.swift in Sources */,
				2D5E78A41E561112006E3470 /* UPCarouselFlowLayout.swift in Sources */,
				2DB13CD91E61E5CA00062994 /* Helper.swift in Sources */,
				2D5E78631E549220006E3470 /* Think_Golf.xcdatamodeld in Sources */,
				2DC9939E1E5D5C7E000CD766 /* CustomPaperCell.swift in Sources */,
			);
			runOnlyForDeploymentPostprocessing = 0;
		};
		2D5E786A1E549220006E3470 /* Sources */ = {
			isa = PBXSourcesBuildPhase;
			buildActionMask = 2147483647;
			files = (
				2D5E78731E549220006E3470 /* Think_GolfTests.swift in Sources */,
			);
			runOnlyForDeploymentPostprocessing = 0;
		};
		2D5E78751E549220006E3470 /* Sources */ = {
			isa = PBXSourcesBuildPhase;
			buildActionMask = 2147483647;
			files = (
				2D5E787E1E549220006E3470 /* Think_GolfUITests.swift in Sources */,
			);
			runOnlyForDeploymentPostprocessing = 0;
		};
/* End PBXSourcesBuildPhase section */

/* Begin PBXTargetDependency section */
		2D5E78701E549220006E3470 /* PBXTargetDependency */ = {
			isa = PBXTargetDependency;
			target = 2D5E78561E549220006E3470 /* ThinkGolf */;
			targetProxy = 2D5E786F1E549220006E3470 /* PBXContainerItemProxy */;
		};
		2D5E787B1E549220006E3470 /* PBXTargetDependency */ = {
			isa = PBXTargetDependency;
			target = 2D5E78561E549220006E3470 /* ThinkGolf */;
			targetProxy = 2D5E787A1E549220006E3470 /* PBXContainerItemProxy */;
		};
/* End PBXTargetDependency section */

/* Begin PBXVariantGroup section */
		2D5E785E1E549220006E3470 /* Main.storyboard */ = {
			isa = PBXVariantGroup;
			children = (
				2D5E785F1E549220006E3470 /* Base */,
			);
			name = Main.storyboard;
			sourceTree = "<group>";
		};
		2D5E78661E549220006E3470 /* LaunchScreen.storyboard */ = {
			isa = PBXVariantGroup;
			children = (
				2D5E78671E549220006E3470 /* Base */,
			);
			name = LaunchScreen.storyboard;
			sourceTree = "<group>";
		};
/* End PBXVariantGroup section */

/* Begin XCBuildConfiguration section */
		2D5E78801E549220006E3470 /* Debug */ = {
			isa = XCBuildConfiguration;
			buildSettings = {
				ALWAYS_SEARCH_USER_PATHS = NO;
				CLANG_ANALYZER_NONNULL = YES;
				CLANG_CXX_LANGUAGE_STANDARD = "gnu++0x";
				CLANG_CXX_LIBRARY = "libc++";
				CLANG_ENABLE_MODULES = YES;
				CLANG_ENABLE_OBJC_ARC = YES;
				CLANG_WARN_BOOL_CONVERSION = YES;
				CLANG_WARN_CONSTANT_CONVERSION = YES;
				CLANG_WARN_DIRECT_OBJC_ISA_USAGE = YES_ERROR;
				CLANG_WARN_DOCUMENTATION_COMMENTS = YES;
				CLANG_WARN_EMPTY_BODY = YES;
				CLANG_WARN_ENUM_CONVERSION = YES;
				CLANG_WARN_INFINITE_RECURSION = YES;
				CLANG_WARN_INT_CONVERSION = YES;
				CLANG_WARN_OBJC_ROOT_CLASS = YES_ERROR;
				CLANG_WARN_SUSPICIOUS_MOVE = YES;
				CLANG_WARN_UNREACHABLE_CODE = YES;
				CLANG_WARN__DUPLICATE_METHOD_MATCH = YES;
				"CODE_SIGN_IDENTITY[sdk=iphoneos*]" = "iPhone Developer";
				COPY_PHASE_STRIP = NO;
				DEBUG_INFORMATION_FORMAT = dwarf;
				ENABLE_STRICT_OBJC_MSGSEND = YES;
				ENABLE_TESTABILITY = YES;
				GCC_C_LANGUAGE_STANDARD = gnu99;
				GCC_DYNAMIC_NO_PIC = NO;
				GCC_NO_COMMON_BLOCKS = YES;
				GCC_OPTIMIZATION_LEVEL = 0;
				GCC_PREPROCESSOR_DEFINITIONS = (
					"DEBUG=1",
					"$(inherited)",
				);
				GCC_WARN_64_TO_32_BIT_CONVERSION = YES;
				GCC_WARN_ABOUT_RETURN_TYPE = YES_ERROR;
				GCC_WARN_UNDECLARED_SELECTOR = YES;
				GCC_WARN_UNINITIALIZED_AUTOS = YES_AGGRESSIVE;
				GCC_WARN_UNUSED_FUNCTION = YES;
				GCC_WARN_UNUSED_VARIABLE = YES;
				IPHONEOS_DEPLOYMENT_TARGET = 10.2;
				MTL_ENABLE_DEBUG_INFO = YES;
				ONLY_ACTIVE_ARCH = YES;
				SDKROOT = iphoneos;
				SWIFT_ACTIVE_COMPILATION_CONDITIONS = DEBUG;
				SWIFT_OPTIMIZATION_LEVEL = "-Onone";
				TARGETED_DEVICE_FAMILY = "1,2";
			};
			name = Debug;
		};
		2D5E78811E549220006E3470 /* Release */ = {
			isa = XCBuildConfiguration;
			buildSettings = {
				ALWAYS_SEARCH_USER_PATHS = NO;
				CLANG_ANALYZER_NONNULL = YES;
				CLANG_CXX_LANGUAGE_STANDARD = "gnu++0x";
				CLANG_CXX_LIBRARY = "libc++";
				CLANG_ENABLE_MODULES = YES;
				CLANG_ENABLE_OBJC_ARC = YES;
				CLANG_WARN_BOOL_CONVERSION = YES;
				CLANG_WARN_CONSTANT_CONVERSION = YES;
				CLANG_WARN_DIRECT_OBJC_ISA_USAGE = YES_ERROR;
				CLANG_WARN_DOCUMENTATION_COMMENTS = YES;
				CLANG_WARN_EMPTY_BODY = YES;
				CLANG_WARN_ENUM_CONVERSION = YES;
				CLANG_WARN_INFINITE_RECURSION = YES;
				CLANG_WARN_INT_CONVERSION = YES;
				CLANG_WARN_OBJC_ROOT_CLASS = YES_ERROR;
				CLANG_WARN_SUSPICIOUS_MOVE = YES;
				CLANG_WARN_UNREACHABLE_CODE = YES;
				CLANG_WARN__DUPLICATE_METHOD_MATCH = YES;
				"CODE_SIGN_IDENTITY[sdk=iphoneos*]" = "iPhone Developer";
				COPY_PHASE_STRIP = NO;
				DEBUG_INFORMATION_FORMAT = "dwarf-with-dsym";
				ENABLE_NS_ASSERTIONS = NO;
				ENABLE_STRICT_OBJC_MSGSEND = YES;
				GCC_C_LANGUAGE_STANDARD = gnu99;
				GCC_NO_COMMON_BLOCKS = YES;
				GCC_WARN_64_TO_32_BIT_CONVERSION = YES;
				GCC_WARN_ABOUT_RETURN_TYPE = YES_ERROR;
				GCC_WARN_UNDECLARED_SELECTOR = YES;
				GCC_WARN_UNINITIALIZED_AUTOS = YES_AGGRESSIVE;
				GCC_WARN_UNUSED_FUNCTION = YES;
				GCC_WARN_UNUSED_VARIABLE = YES;
				IPHONEOS_DEPLOYMENT_TARGET = 10.2;
				MTL_ENABLE_DEBUG_INFO = NO;
				SDKROOT = iphoneos;
				SWIFT_OPTIMIZATION_LEVEL = "-Owholemodule";
				TARGETED_DEVICE_FAMILY = "1,2";
				VALIDATE_PRODUCT = YES;
			};
			name = Release;
		};
		2D5E78831E549220006E3470 /* Debug */ = {
			isa = XCBuildConfiguration;
			baseConfigurationReference = 426741D6F756D80FA8E71D85 /* Pods-ThinkGolf.debug.xcconfig */;
			buildSettings = {
				ASSETCATALOG_COMPILER_APPICON_NAME = AppIcon;
				DEVELOPMENT_TEAM = 2BMJ72PCJ8;
				INFOPLIST_FILE = "Think Golf/Info.plist";
				IPHONEOS_DEPLOYMENT_TARGET = 9.0;
				LD_RUNPATH_SEARCH_PATHS = "$(inherited) @executable_path/Frameworks";
				PRODUCT_BUNDLE_IDENTIFIER = "com.vogcalgaryappdeveloper.thinkgolf.Think-Golf";
				PRODUCT_NAME = "$(TARGET_NAME)";
				SWIFT_OBJC_BRIDGING_HEADER = "Think Golf/ThinkGolf-Bridging-Header.h";
				SWIFT_VERSION = 3.0;
			};
			name = Debug;
		};
		2D5E78841E549220006E3470 /* Release */ = {
			isa = XCBuildConfiguration;
			baseConfigurationReference = B95AD6020DF5C57B608CC425 /* Pods-ThinkGolf.release.xcconfig */;
			buildSettings = {
				ASSETCATALOG_COMPILER_APPICON_NAME = AppIcon;
				DEVELOPMENT_TEAM = 2BMJ72PCJ8;
				INFOPLIST_FILE = "Think Golf/Info.plist";
				IPHONEOS_DEPLOYMENT_TARGET = 9.0;
				LD_RUNPATH_SEARCH_PATHS = "$(inherited) @executable_path/Frameworks";
				PRODUCT_BUNDLE_IDENTIFIER = "com.vogcalgaryappdeveloper.thinkgolf.Think-Golf";
				PRODUCT_NAME = "$(TARGET_NAME)";
				SWIFT_OBJC_BRIDGING_HEADER = "Think Golf/ThinkGolf-Bridging-Header.h";
				SWIFT_VERSION = 3.0;
			};
			name = Release;
		};
		2D5E78861E549220006E3470 /* Debug */ = {
			isa = XCBuildConfiguration;
			baseConfigurationReference = C511A23AB2C137E717E829D2 /* Pods-ThinkGolfTests.debug.xcconfig */;
			buildSettings = {
				ALWAYS_EMBED_SWIFT_STANDARD_LIBRARIES = YES;
				BUNDLE_LOADER = "$(TEST_HOST)";
				INFOPLIST_FILE = "Think GolfTests/Info.plist";
				LD_RUNPATH_SEARCH_PATHS = "$(inherited) @executable_path/Frameworks @loader_path/Frameworks";
				PRODUCT_BUNDLE_IDENTIFIER = "com.vogcalgaryappdeveloper.thinkgolf.Think-GolfTests";
				PRODUCT_NAME = "$(TARGET_NAME)";
				SWIFT_VERSION = 3.0;
				TEST_HOST = "$(BUILT_PRODUCTS_DIR)/ThinkGolf.app/ThinkGolf";
			};
			name = Debug;
		};
		2D5E78871E549220006E3470 /* Release */ = {
			isa = XCBuildConfiguration;
			baseConfigurationReference = AB44ED303B6A8E388315B8A7 /* Pods-ThinkGolfTests.release.xcconfig */;
			buildSettings = {
				ALWAYS_EMBED_SWIFT_STANDARD_LIBRARIES = YES;
				BUNDLE_LOADER = "$(TEST_HOST)";
				INFOPLIST_FILE = "Think GolfTests/Info.plist";
				LD_RUNPATH_SEARCH_PATHS = "$(inherited) @executable_path/Frameworks @loader_path/Frameworks";
				PRODUCT_BUNDLE_IDENTIFIER = "com.vogcalgaryappdeveloper.thinkgolf.Think-GolfTests";
				PRODUCT_NAME = "$(TARGET_NAME)";
				SWIFT_VERSION = 3.0;
				TEST_HOST = "$(BUILT_PRODUCTS_DIR)/ThinkGolf.app/ThinkGolf";
			};
			name = Release;
		};
		2D5E78891E549220006E3470 /* Debug */ = {
			isa = XCBuildConfiguration;
			baseConfigurationReference = D6C91E223984727693F40B7E /* Pods-ThinkGolfUITests.debug.xcconfig */;
			buildSettings = {
				ALWAYS_EMBED_SWIFT_STANDARD_LIBRARIES = YES;
				INFOPLIST_FILE = "Think GolfUITests/Info.plist";
				LD_RUNPATH_SEARCH_PATHS = "$(inherited) @executable_path/Frameworks @loader_path/Frameworks";
				PRODUCT_BUNDLE_IDENTIFIER = "com.vogcalgaryappdeveloper.thinkgolf.Think-GolfUITests";
				PRODUCT_NAME = "$(TARGET_NAME)";
				SWIFT_VERSION = 3.0;
				TEST_TARGET_NAME = "Think Golf";
			};
			name = Debug;
		};
		2D5E788A1E549220006E3470 /* Release */ = {
			isa = XCBuildConfiguration;
			baseConfigurationReference = D1950A816F5B6E382D32CCD4 /* Pods-ThinkGolfUITests.release.xcconfig */;
			buildSettings = {
				ALWAYS_EMBED_SWIFT_STANDARD_LIBRARIES = YES;
				INFOPLIST_FILE = "Think GolfUITests/Info.plist";
				LD_RUNPATH_SEARCH_PATHS = "$(inherited) @executable_path/Frameworks @loader_path/Frameworks";
				PRODUCT_BUNDLE_IDENTIFIER = "com.vogcalgaryappdeveloper.thinkgolf.Think-GolfUITests";
				PRODUCT_NAME = "$(TARGET_NAME)";
				SWIFT_VERSION = 3.0;
				TEST_TARGET_NAME = "Think Golf";
			};
			name = Release;
		};
/* End XCBuildConfiguration section */

/* Begin XCConfigurationList section */
		2D5E78521E549220006E3470 /* Build configuration list for PBXProject "ThinkGolf" */ = {
			isa = XCConfigurationList;
			buildConfigurations = (
				2D5E78801E549220006E3470 /* Debug */,
				2D5E78811E549220006E3470 /* Release */,
			);
			defaultConfigurationIsVisible = 0;
			defaultConfigurationName = Release;
		};
		2D5E78821E549220006E3470 /* Build configuration list for PBXNativeTarget "ThinkGolf" */ = {
			isa = XCConfigurationList;
			buildConfigurations = (
				2D5E78831E549220006E3470 /* Debug */,
				2D5E78841E549220006E3470 /* Release */,
			);
			defaultConfigurationIsVisible = 0;
			defaultConfigurationName = Release;
		};
		2D5E78851E549220006E3470 /* Build configuration list for PBXNativeTarget "ThinkGolfTests" */ = {
			isa = XCConfigurationList;
			buildConfigurations = (
				2D5E78861E549220006E3470 /* Debug */,
				2D5E78871E549220006E3470 /* Release */,
			);
			defaultConfigurationIsVisible = 0;
			defaultConfigurationName = Release;
		};
		2D5E78881E549220006E3470 /* Build configuration list for PBXNativeTarget "ThinkGolfUITests" */ = {
			isa = XCConfigurationList;
			buildConfigurations = (
				2D5E78891E549220006E3470 /* Debug */,
				2D5E788A1E549220006E3470 /* Release */,
			);
			defaultConfigurationIsVisible = 0;
			defaultConfigurationName = Release;
		};
/* End XCConfigurationList section */

/* Begin XCVersionGroup section */
		2D5E78611E549220006E3470 /* Think_Golf.xcdatamodeld */ = {
			isa = XCVersionGroup;
			children = (
				2D5E78621E549220006E3470 /* Think_Golf.xcdatamodel */,
			);
			currentVersion = 2D5E78621E549220006E3470 /* Think_Golf.xcdatamodel */;
			path = Think_Golf.xcdatamodeld;
			sourceTree = "<group>";
			versionGroupType = wrapper.xcdatamodel;
		};
/* End XCVersionGroup section */
	};
	rootObject = 2D5E784F1E549220006E3470 /* Project object */;
}
